
Microsoft Visual Studio Solution File, Format Version 12.00
# Visual Studio Version 17
VisualStudioVersion = 17.3.32519.111
MinimumVisualStudioVersion = 10.0.40219.1
Project("{FAE04EC0-301F-11D3-BF4B-00C04F79EFBC}") = "LdgArduinoIde", "LdgArduinoIde\LdgArduinoIde.csproj", "{B5E814B6-D346-4471-851A-73985A9A56C5}"
EndProject
Project("{FAE04EC0-301F-11D3-BF4B-00C04F79EFBC}") = "GacHelper", "GacHelper\GacHelper.csproj", "{90C1DE15-CC61-48A0-AE62-591856C74550}"
EndProject
Project("{2150E333-8FDC-42A3-9474-1A3956D46DE8}") = "解决方案项", "解决方案项", "{75C0D65A-9B5F-40E6-A74C-6156F5C35C4F}"
	ProjectSection(SolutionItems) = preProject
		ReadMe.md = ReadMe.md
	EndProjectSection
EndProject
Global
	GlobalSection(SolutionConfigurationPlatforms) = preSolution
		Debug|Any CPU = Debug|Any CPU
		Release|Any CPU = Release|Any CPU
	EndGlobalSection
	GlobalSection(ProjectConfigurationPlatforms) = postSolution
		{B5E814B6-D346-4471-851A-73985A9A56C5}.Debug|Any CPU.ActiveCfg = Debug|Any CPU
		{B5E814B6-D346-4471-851A-73985A9A56C5}.Debug|Any CPU.Build.0 = Debug|Any CPU
		{B5E814B6-D346-4471-851A-73985A9A56C5}.Release|Any CPU.ActiveCfg = Release|Any CPU
		{B5E814B6-D346-4471-851A-73985A9A56C5}.Release|Any CPU.Build.0 = Release|Any CPU
		{90C1DE15-CC61-48A0-AE62-591856C74550}.Debug|Any CPU.ActiveCfg = Debug|Any CPU
		{90C1DE15-CC61-48A0-AE62-591856C74550}.Debug|Any CPU.Build.0 = Debug|Any CPU
		{90C1DE15-CC61-48A0-AE62-591856C74550}.Release|Any CPU.ActiveCfg = Release|Any CPU
		{90C1DE15-CC61-48A0-AE62-591856C74550}.Release|Any CPU.Build.0 = Release|Any CPU
	EndGlobalSection
	GlobalSection(SolutionProperties) = preSolution
		HideSolutionNode = FALSE
	EndGlobalSection
	GlobalSection(ExtensibilityGlobals) = postSolution
		SolutionGuid = {9E534B27-D56D-4E32-8362-48C972874381}
	EndGlobalSection
EndGlobal
